
Microsoft Visual Studio Solution File, Format Version 12.00
# Visual Studio Version 17
VisualStudioVersion = 17.11.35222.181
MinimumVisualStudioVersion = 10.0.40219.1
Project("{FAE04EC0-301F-11D3-BF4B-00C04F79EFBC}") = "ASPNetCoreMVC", "ASPNetCoreMVC\ASPNetCoreMVC.csproj", "{876BDDEF-C747-41F0-88CC-BB0FF6BCCFD8}"
EndProject
Global
	GlobalSection(SolutionConfigurationPlatforms) = preSolution
		Debug|Any CPU = Debug|Any CPU
		Release|Any CPU = Release|Any CPU
	EndGlobalSection
	GlobalSection(ProjectConfigurationPlatforms) = postSolution
		{876BDDEF-C747-41F0-88CC-BB0FF6BCCFD8}.Debug|Any CPU.ActiveCfg = Debug|Any CPU
		{876BDDEF-C747-41F0-88CC-BB0FF6BCCFD8}.Debug|Any CPU.Build.0 = Debug|Any CPU
		{876BDDEF-C747-41F0-88CC-BB0FF6BCCFD8}.Release|Any CPU.ActiveCfg = Release|Any CPU
		{876BDDEF-C747-41F0-88CC-BB0FF6BCCFD8}.Release|Any CPU.Build.0 = Release|Any CPU
	EndGlobalSection
	GlobalSection(SolutionProperties) = preSolution
		HideSolutionNode = FALSE
	EndGlobalSection
	GlobalSection(ExtensibilityGlobals) = postSolution
		SolutionGuid = {2951FD83-0A20-40D1-B069-DE7917B2875D}
	EndGlobalSection
EndGlobal
